{
  "name": "backend",
  "lockfileVersion": 3,
  "requires": true,
  "packages": {
    "": {
      "devDependencies": {
        "@types/openseadragon": "^5.0.1"
      }
    },
    "node_modules/@types/openseadragon": {
      "version": "5.0.1",
      "resolved": "https://registry.npmjs.org/@types/openseadragon/-/openseadragon-5.0.1.tgz",
      "integrity": "sha512-nD34vePCKivWoYY6FeIIz9Xec7KZJgo5rsvZUlT6FqDrlbE6yTPJgTtKDKNWXLP7feqOJZPsvsS9x1XOTF1kEg==",
      "dev": true,
      "license": "MIT"
    }
  }
}
